
Microsoft Visual Studio Solution File, Format Version 12.00
# Visual Studio 15
VisualStudioVersion = 15.0.26228.9
MinimumVisualStudioVersion = 10.0.40219.1
Project("{FAE04EC0-301F-11D3-BF4B-00C04F79EFBC}") = "MockProject", "MockProject\MockProject.csproj", "{C3E64C3B-1EFC-44DF-A84D-FEED56C5984F}"
EndProject
Project("{E53339B2-1760-4266-BCC7-CA923CBCF16C}") = "docker-compose", "docker-compose.dcproj", "{DBD647B9-BCBB-40AC-A6BC-F8929FC5826F}"
EndProject
Global
	GlobalSection(SolutionConfigurationPlatforms) = preSolution
		Debug|Any CPU = Debug|Any CPU
		Release|Any CPU = Release|Any CPU
	EndGlobalSection
	GlobalSection(ProjectConfigurationPlatforms) = postSolution
		{C3E64C3B-1EFC-44DF-A84D-FEED56C5984F}.Debug|Any CPU.ActiveCfg = Debug|Any CPU
		{C3E64C3B-1EFC-44DF-A84D-FEED56C5984F}.Debug|Any CPU.Build.0 = Debug|Any CPU
		{C3E64C3B-1EFC-44DF-A84D-FEED56C5984F}.Release|Any CPU.ActiveCfg = Release|Any CPU
		{C3E64C3B-1EFC-44DF-A84D-FEED56C5984F}.Release|Any CPU.Build.0 = Release|Any CPU
		{DBD647B9-BCBB-40AC-A6BC-F8929FC5826F}.Debug|Any CPU.ActiveCfg = Debug|Any CPU
		{DBD647B9-BCBB-40AC-A6BC-F8929FC5826F}.Debug|Any CPU.Build.0 = Debug|Any CPU
		{DBD647B9-BCBB-40AC-A6BC-F8929FC5826F}.Release|Any CPU.ActiveCfg = Release|Any CPU
		{DBD647B9-BCBB-40AC-A6BC-F8929FC5826F}.Release|Any CPU.Build.0 = Release|Any CPU
	EndGlobalSection
	GlobalSection(SolutionProperties) = preSolution
		HideSolutionNode = FALSE
	EndGlobalSection
EndGlobal
